
Microsoft Visual Studio Solution File, Format Version 12.00
# Visual Studio Version 17
VisualStudioVersion = 17.13.35931.197 d17.13
MinimumVisualStudioVersion = 10.0.40219.1
Project("{FAE04EC0-301F-11D3-BF4B-00C04F79EFBC}") = "Server", "Server\Server.csproj", "{E4AF6817-D74B-4C12-A128-7848A010B851}"
EndProject
Project("{FAE04EC0-301F-11D3-BF4B-00C04F79EFBC}") = "Client", "Client\Client.csproj", "{F2560ABC-B98D-4C11-A3EA-08CA6F2A9AF9}"
EndProject
Project("{FAE04EC0-301F-11D3-BF4B-00C04F79EFBC}") = "BaseLibrary", "BaseLibrary\BaseLibrary.csproj", "{C0305C33-7CA7-45C8-BBD6-67C1DE66DC85}"
EndProject
Project("{FAE04EC0-301F-11D3-BF4B-00C04F79EFBC}") = "ClientLibrary", "ClientLibrary\ClientLibrary.csproj", "{585CD121-2EDB-4C55-9FCC-0B28180669CD}"
EndProject
Project("{FAE04EC0-301F-11D3-BF4B-00C04F79EFBC}") = "ServerLibrary", "ServerLibrary\ServerLibrary.csproj", "{86D7C8AE-ABEA-43E0-8078-DA2F7E119E1B}"
EndProject
Project("{2150E333-8FDC-42A3-9474-1A3956D46DE8}") = "Projektmappenelemente", "Projektmappenelemente", "{84D27F74-D2BA-6C25-2661-968F101900D9}"
	ProjectSection(SolutionItems) = preProject
		.gitignore = .gitignore
	EndProjectSection
EndProject
Global
	GlobalSection(SolutionConfigurationPlatforms) = preSolution
		Debug|Any CPU = Debug|Any CPU
		Release|Any CPU = Release|Any CPU
	EndGlobalSection
	GlobalSection(ProjectConfigurationPlatforms) = postSolution
		{E4AF6817-D74B-4C12-A128-7848A010B851}.Debug|Any CPU.ActiveCfg = Debug|Any CPU
		{E4AF6817-D74B-4C12-A128-7848A010B851}.Debug|Any CPU.Build.0 = Debug|Any CPU
		{E4AF6817-D74B-4C12-A128-7848A010B851}.Release|Any CPU.ActiveCfg = Release|Any CPU
		{E4AF6817-D74B-4C12-A128-7848A010B851}.Release|Any CPU.Build.0 = Release|Any CPU
		{F2560ABC-B98D-4C11-A3EA-08CA6F2A9AF9}.Debug|Any CPU.ActiveCfg = Debug|Any CPU
		{F2560ABC-B98D-4C11-A3EA-08CA6F2A9AF9}.Debug|Any CPU.Build.0 = Debug|Any CPU
		{F2560ABC-B98D-4C11-A3EA-08CA6F2A9AF9}.Release|Any CPU.ActiveCfg = Release|Any CPU
		{F2560ABC-B98D-4C11-A3EA-08CA6F2A9AF9}.Release|Any CPU.Build.0 = Release|Any CPU
		{C0305C33-7CA7-45C8-BBD6-67C1DE66DC85}.Debug|Any CPU.ActiveCfg = Debug|Any CPU
		{C0305C33-7CA7-45C8-BBD6-67C1DE66DC85}.Debug|Any CPU.Build.0 = Debug|Any CPU
		{C0305C33-7CA7-45C8-BBD6-67C1DE66DC85}.Release|Any CPU.ActiveCfg = Release|Any CPU
		{C0305C33-7CA7-45C8-BBD6-67C1DE66DC85}.Release|Any CPU.Build.0 = Release|Any CPU
		{585CD121-2EDB-4C55-9FCC-0B28180669CD}.Debug|Any CPU.ActiveCfg = Debug|Any CPU
		{585CD121-2EDB-4C55-9FCC-0B28180669CD}.Debug|Any CPU.Build.0 = Debug|Any CPU
		{585CD121-2EDB-4C55-9FCC-0B28180669CD}.Release|Any CPU.ActiveCfg = Release|Any CPU
		{585CD121-2EDB-4C55-9FCC-0B28180669CD}.Release|Any CPU.Build.0 = Release|Any CPU
		{86D7C8AE-ABEA-43E0-8078-DA2F7E119E1B}.Debug|Any CPU.ActiveCfg = Debug|Any CPU
		{86D7C8AE-ABEA-43E0-8078-DA2F7E119E1B}.Debug|Any CPU.Build.0 = Debug|Any CPU
		{86D7C8AE-ABEA-43E0-8078-DA2F7E119E1B}.Release|Any CPU.ActiveCfg = Release|Any CPU
		{86D7C8AE-ABEA-43E0-8078-DA2F7E119E1B}.Release|Any CPU.Build.0 = Release|Any CPU
	EndGlobalSection
	GlobalSection(SolutionProperties) = preSolution
		HideSolutionNode = FALSE
	EndGlobalSection
	GlobalSection(ExtensibilityGlobals) = postSolution
		SolutionGuid = {99AAA805-4203-45A8-9D82-0937F6B69553}
	EndGlobalSection
EndGlobal
